<?xml version="1.0" encoding="utf-8"?>
<Project ToolsVersion="14.0" xmlns="http://schemas.microsoft.com/developer/msbuild/2003">
  <ItemGroup>
    <Filter Include="Package Dependencies">
      <UniqueIdentifier>0a130bb2-c2a8-4c62-99ec-38191e1d3c65</UniqueIdentifier>
      <Extensions>pfx;appxmanifest;config</Extensions>
    </Filter>
    <Filter Include="Package Dependencies\Assets">
      <UniqueIdentifier>27c3b942-51a6-4a9f-a3e1-7f617f65c392</UniqueIdentifier>
      <Extensions>png</Extensions>
    </Filter>
    <Filter Include="Package Dependencies\Include">
      <UniqueIdentifier>ee284ba4-5940-449b-a051-a68f71ec1ff3</UniqueIdentifier>
    </Filter>
    <Filter Include="Library">
      <UniqueIdentifier>{8891f00c-4d50-4c68-9592-248c88ac7671}</UniqueIdentifier>
    </Filter>
    <Filter Include="Library\Sensor">
      <UniqueIdentifier>{3bf31f22-fc89-431a-9961-135ca6affabb}</UniqueIdentifier>
    </Filter>
    <Filter Include="Library\GatewayI2C">
      <UniqueIdentifier>{75dccb8a-bc5d-41ab-96d3-8d39e72c032d}</UniqueIdentifier>
    </Filter>
  </ItemGroup>
  <ItemGroup>
    <ClCompile Include="StartupTask.cpp">
      <Filter>Package Dependencies</Filter>
    </ClCompile>
    <ClCompile Include="ArduinoWiringWIoT.ino" />
    <ClCompile Include="Gateway.cpp">
      <Filter>Library\GatewayI2C</Filter>
    </ClCompile>
    <ClCompile Include="HMC5883L.cpp">
      <Filter>Library\Sensor</Filter>
    </ClCompile>
    <ClCompile Include="I2Cdev.cpp">
      <Filter>Library\Sensor</Filter>
    </ClCompile>
  </ItemGroup>
  <ItemGroup>
    <ClInclude Include="pch.h">
      <Filter>Package Dependencies\Include</Filter>
    </ClInclude>
    <ClInclude Include="PinNumbers.h">
      <Filter>Package Dependencies\Include</Filter>
    </ClInclude>
    <ClInclude Include="Gateway.h">
      <Filter>Library\GatewayI2C</Filter>
    </ClInclude>
    <ClInclude Include="HMC5883L.h">
      <Filter>Library\Sensor</Filter>
    </ClInclude>
    <ClInclude Include="I2Cdev.h">
      <Filter>Library\Sensor</Filter>
    </ClInclude>
    <ClInclude Include="CommonCode.h" />
  </ItemGroup>
  <ItemGroup>
    <Image Include="Assets\LockScreenLogo.scale-200.png">
      <Filter>Package Dependencies\Assets</Filter>
    </Image>
    <Image Include="Assets\SplashScreen.scale-200.png">
      <Filter>Package Dependencies\Assets</Filter>
    </Image>
    <Image Include="Assets\Square150x150Logo.scale-200.png">
      <Filter>Package Dependencies\Assets</Filter>
    </Image>
    <Image Include="Assets\Square44x44Logo.scale-200.png">
      <Filter>Package Dependencies\Assets</Filter>
    </Image>
    <Image Include="Assets\Square44x44Logo.targetsize-24_altform-unplated.png">
      <Filter>Package Dependencies\Assets</Filter>
    </Image>
    <Image Include="Assets\StoreLogo.png">
      <Filter>Package Dependencies\Assets</Filter>
    </Image>
    <Image Include="Assets\Wide310x150Logo.scale-200.png">
      <Filter>Package Dependencies\Assets</Filter>
    </Image>
  </ItemGroup>
  <ItemGroup>
    <AppxManifest Include="Package.appxmanifest">
      <Filter>Package Dependencies</Filter>
    </AppxManifest>
  </ItemGroup>
  <ItemGroup>
    <None Include="packages.config">
      <Filter>Package Dependencies</Filter>
    </None>
    <None Include="ArduinoWiringWIoT_TemporaryKey.pfx">
      <Filter>Package Dependencies</Filter>
    </None>
  </ItemGroup>
</Project>